PODS:
  - Flutter (1.0.0)
  - integration_test (0.0.1):
    - Flutter
  - title_generator_plugin (0.0.1):
    - Flutter

DEPENDENCIES:
  - Flutter (from `Flutter`)
  - integration_test (from `.symlinks/plugins/integration_test/ios`)
  - title_generator_plugin (from `.symlinks/plugins/title_generator_plugin/ios`)

EXTERNAL SOURCES:
  Flutter:
    :path: Flutter
  integration_test:
    :path: ".symlinks/plugins/integration_test/ios"
  title_generator_plugin:
    :path: ".symlinks/plugins/title_generator_plugin/ios"

SPEC CHECKSUMS:
  Flutter: e0871f40cf51350855a761d2e70bf5af5b9b5de7
  integration_test: 252f60fa39af5e17c3aa9899d35d908a0721b573
  title_generator_plugin: 7c5d9ddfd10675b24de79c398e5a90508bd97531

PODFILE CHECKSUM: 4305caec6b40dde0ae97be1573c53de1882a07e5

COCOAPODS: 1.16.2
